<Solution>
  <Project Path="AjtIncentive.Application/AjtIncentive.Application.csproj" />
  <Project Path="AjtIncentive.Domain/AjtIncentive.Domain.csproj" />
  <Project Path="AjtIncentive.Infrastructure/AjtIncentive.Infrastructure.csproj" />
  <Project Path="AjtIncentive.Web/AjtIncentive.Web.csproj" />
</Solution>
